{
  "version": "5",
  "specifiers": {
    "jsr:@dx/tano@~0.5.19": "0.5.19",
    "jsr:@std/assert@^1.0.12": "1.0.13",
    "jsr:@std/assert@^1.0.13": "1.0.13",
    "jsr:@std/cli@^1.0.20": "1.0.20",
    "jsr:@std/data-structures@^1.0.8": "1.0.8",
    "jsr:@std/datetime@~0.225.5": "0.225.5",
    "jsr:@std/fmt@^1.0.5": "1.0.8",
    "jsr:@std/fmt@^1.0.8": "1.0.8",
    "jsr:@std/fs@^1.0.11": "1.0.19",
    "jsr:@std/fs@^1.0.18": "1.0.19",
    "jsr:@std/fs@^1.0.19": "1.0.19",
    "jsr:@std/internal@^1.0.6": "1.0.9",
    "jsr:@std/internal@^1.0.8": "1.0.9",
    "jsr:@std/internal@^1.0.9": "1.0.9",
    "jsr:@std/io@~0.225.2": "0.225.2",
    "jsr:@std/log@~0.224.14": "0.224.14",
    "jsr:@std/path@1.1.1": "1.1.1",
    "jsr:@std/path@^1.1.0": "1.1.1",
    "jsr:@std/path@^1.1.1": "1.1.1",
    "jsr:@std/semver@^1.0.5": "1.0.5",
    "jsr:@std/testing@^1.0.14": "1.0.14"
  },
  "jsr": {
    "@dx/tano@0.5.19": {
      "integrity": "78b529f8b2c62a0120bba8a42519053417e9021a73df909f67bfe77b58af927a",
      "dependencies": [
        "jsr:@std/cli",
        "jsr:@std/datetime",
        "jsr:@std/fmt@^1.0.8",
        "jsr:@std/fs@^1.0.19",
        "jsr:@std/log",
        "jsr:@std/path@1.1.1"
      ]
    },
    "@std/assert@1.0.13": {
      "integrity": "ae0d31e41919b12c656c742b22522c32fb26ed0cba32975cb0de2a273cb68b29",
      "dependencies": [
        "jsr:@std/internal@^1.0.6"
      ]
    },
    "@std/cli@1.0.19": {
      "integrity": "b3601a54891f89f3f738023af11960c4e6f7a45dc76cde39a6861124cba79e88"
    },
    "@std/cli@1.0.20": {
      "integrity": "a8c384a2c98cec6ec6a2055c273a916e2772485eb784af0db004c5ab8ba52333"
    },
    "@std/data-structures@1.0.8": {
      "integrity": "2fb7219247e044c8fcd51341788547575653c82ae2c759ff209e0263ba7d9b66"
    },
    "@std/datetime@0.225.5": {
      "integrity": "9f650f6caec546b80172e95a4edb8478d5fe060c4c937f7ede242ffceab6efc9"
    },
    "@std/fmt@1.0.8": {
      "integrity": "71e1fc498787e4434d213647a6e43e794af4fd393ef8f52062246e06f7e372b7"
    },
    "@std/fs@1.0.19": {
      "integrity": "051968c2b1eae4d2ea9f79a08a3845740ef6af10356aff43d3e2ef11ed09fb06",
      "dependencies": [
        "jsr:@std/internal@^1.0.9",
        "jsr:@std/path@^1.1.1"
      ]
    },
    "@std/internal@1.0.6": {
      "integrity": "9533b128f230f73bd209408bb07a4b12f8d4255ab2a4d22a1fd6d87304aca9a4"
    },
    "@std/internal@1.0.9": {
      "integrity": "bdfb97f83e4db7a13e8faab26fb1958d1b80cc64366501af78a0aee151696eb8"
    },
    "@std/io@0.225.2": {
      "integrity": "3c740cd4ee4c082e6cfc86458f47e2ab7cb353dc6234d5e9b1f91a2de5f4d6c7"
    },
    "@std/log@0.224.14": {
      "integrity": "257f7adceee3b53bb2bc86c7242e7d1bc59729e57d4981c4a7e5b876c808f05e",
      "dependencies": [
        "jsr:@std/fmt@^1.0.5",
        "jsr:@std/fs@^1.0.11",
        "jsr:@std/io"
      ]
    },
    "@std/path@1.1.1": {
      "integrity": "fe00026bd3a7e6a27f73709b83c607798be40e20c81dde655ce34052fd82ec76",
      "dependencies": [
        "jsr:@std/internal@^1.0.9"
      ]
    },
    "@std/semver@1.0.5": {
      "integrity": "529f79e83705714c105ad0ba55bec0f9da0f24d2f726b6cc1c15e505cc2c0624"
    },
    "@std/testing@1.0.14": {
      "integrity": "144b3737105b9071cb50c957681f58a1b8ec0f3e5b19ad830f401c5fa931e8f0",
      "dependencies": [
        "jsr:@std/assert@^1.0.13",
        "jsr:@std/data-structures",
        "jsr:@std/fs@^1.0.18",
        "jsr:@std/internal@^1.0.8",
        "jsr:@std/path@^1.1.0"
      ]
    }
  },
  "workspace": {
    "dependencies": [
      "jsr:@dx/tano@~0.5.19",
      "jsr:@std/assert@^1.0.12",
      "jsr:@std/cli@^1.0.20",
      "jsr:@std/fs@^1.0.19",
      "jsr:@std/path@1.1.1",
      "jsr:@std/semver@^1.0.5",
      "jsr:@std/testing@^1.0.14"
    ]
  }
}
