{
  "version": "5",
  "specifiers": {
    "jsr:@dx/tano@~0.5.14": "0.5.14",
    "jsr:@std/assert@^1.0.12": "1.0.13",
    "jsr:@std/cli@^1.0.16": "1.0.17",
    "jsr:@std/cli@^1.0.17": "1.0.17",
    "jsr:@std/data-structures@^1.0.6": "1.0.7",
    "jsr:@std/datetime@~0.225.4": "0.225.4",
    "jsr:@std/fmt@^1.0.5": "1.0.7",
    "jsr:@std/fmt@^1.0.7": "1.0.7",
    "jsr:@std/fs@^1.0.11": "1.0.17",
    "jsr:@std/fs@^1.0.16": "1.0.17",
    "jsr:@std/fs@^1.0.17": "1.0.17",
    "jsr:@std/internal@^1.0.6": "1.0.6",
    "jsr:@std/io@~0.225.2": "0.225.2",
    "jsr:@std/log@~0.224.14": "0.224.14",
    "jsr:@std/path@1.0.8": "1.0.8",
    "jsr:@std/path@1.0.9": "1.0.9",
    "jsr:@std/path@^1.0.8": "1.0.8",
    "jsr:@std/path@^1.0.9": "1.0.9",
    "jsr:@std/semver@^1.0.5": "1.0.5",
    "jsr:@std/testing@^1.0.11": "1.0.11"
  },
  "jsr": {
    "@dx/tano@0.5.14": {
      "integrity": "db571b12651b4c1150d93da3aad3fde349febf90a33e2888cb56e81ea4232a49",
      "dependencies": [
        "jsr:@std/cli@^1.0.17",
        "jsr:@std/datetime",
        "jsr:@std/fmt@^1.0.7",
        "jsr:@std/fs@^1.0.17",
        "jsr:@std/log",
        "jsr:@std/path@1.0.9"
      ]
    },
    "@std/assert@1.0.13": {
      "integrity": "ae0d31e41919b12c656c742b22522c32fb26ed0cba32975cb0de2a273cb68b29",
      "dependencies": [
        "jsr:@std/internal"
      ]
    },
    "@std/cli@1.0.17": {
      "integrity": "e15b9abe629e17be90cc6216327f03a29eae613365f1353837fa749aad29ce7b"
    },
    "@std/data-structures@1.0.7": {
      "integrity": "16932d2c8d281f65eaaa2209af2473209881e33b1ced54cd1b015e7b4cdbb0d2"
    },
    "@std/datetime@0.225.4": {
      "integrity": "682bc21738b941a4ed1465be6da01704e8010a3a6d9b615de9458202b84e00ec"
    },
    "@std/fmt@1.0.7": {
      "integrity": "2a727c043d8df62cd0b819b3fb709b64dd622e42c3b1bb817ea7e6cc606360fb"
    },
    "@std/fs@1.0.17": {
      "integrity": "1c00c632677c1158988ef7a004cb16137f870aafdb8163b9dce86ec652f3952b",
      "dependencies": [
        "jsr:@std/path@^1.0.9"
      ]
    },
    "@std/internal@1.0.6": {
      "integrity": "9533b128f230f73bd209408bb07a4b12f8d4255ab2a4d22a1fd6d87304aca9a4"
    },
    "@std/io@0.225.2": {
      "integrity": "3c740cd4ee4c082e6cfc86458f47e2ab7cb353dc6234d5e9b1f91a2de5f4d6c7"
    },
    "@std/log@0.224.14": {
      "integrity": "257f7adceee3b53bb2bc86c7242e7d1bc59729e57d4981c4a7e5b876c808f05e",
      "dependencies": [
        "jsr:@std/fmt@^1.0.5",
        "jsr:@std/fs@^1.0.11",
        "jsr:@std/io"
      ]
    },
    "@std/path@1.0.8": {
      "integrity": "548fa456bb6a04d3c1a1e7477986b6cffbce95102d0bb447c67c4ee70e0364be"
    },
    "@std/path@1.0.9": {
      "integrity": "260a49f11edd3db93dd38350bf9cd1b4d1366afa98e81b86167b4e3dd750129e"
    },
    "@std/semver@1.0.5": {
      "integrity": "529f79e83705714c105ad0ba55bec0f9da0f24d2f726b6cc1c15e505cc2c0624"
    },
    "@std/testing@1.0.11": {
      "integrity": "12b3db12d34f0f385a26248933bde766c0f8c5ad8b6ab34d4d38f528ab852f48",
      "dependencies": [
        "jsr:@std/assert",
        "jsr:@std/data-structures",
        "jsr:@std/fs@^1.0.16",
        "jsr:@std/internal",
        "jsr:@std/path@^1.0.8"
      ]
    }
  },
  "workspace": {
    "dependencies": [
      "jsr:@dx/tano@~0.5.14",
      "jsr:@std/assert@^1.0.12",
      "jsr:@std/cli@^1.0.16",
      "jsr:@std/fs@^1.0.16",
      "jsr:@std/path@1.0.9",
      "jsr:@std/semver@^1.0.5",
      "jsr:@std/testing@^1.0.11"
    ]
  }
}
