{
  "version": "3",
  "packages": {
    "specifiers": {
      "jsr:@dx/tano@0.3.19": "jsr:@dx/tano@0.3.19",
      "jsr:@std/assert@0.222": "jsr:@std/assert@0.222.1",
      "jsr:@std/assert@^0.222.1": "jsr:@std/assert@0.222.1",
      "jsr:@std/cli@0.222": "jsr:@std/cli@0.222.1",
      "jsr:@std/datetime@0.222": "jsr:@std/datetime@0.222.1",
      "jsr:@std/fmt@0.222": "jsr:@std/fmt@0.222.1",
      "jsr:@std/fmt@^0.222.1": "jsr:@std/fmt@0.222.1",
      "jsr:@std/fs@0.222": "jsr:@std/fs@0.222.1",
      "jsr:@std/fs@^0.222.1": "jsr:@std/fs@0.222.1",
      "jsr:@std/io@^0.222.1": "jsr:@std/io@0.222.1",
      "jsr:@std/log@0.222": "jsr:@std/log@0.222.1",
      "jsr:@std/path@0.222": "jsr:@std/path@0.222.1",
      "jsr:@std/path@^0.222.1": "jsr:@std/path@0.222.1",
      "jsr:@std/testing@0.222": "jsr:@std/testing@0.222.1"
    },
    "jsr": {
      "@dx/tano@0.3.19": {
        "integrity": "6320df7438ee51a067b13472aa4e0138842d0bdbbfc61b4f3d4da222fd504a50",
        "dependencies": [
          "jsr:@std/datetime@0.222",
          "jsr:@std/fmt@0.222",
          "jsr:@std/fs@0.222",
          "jsr:@std/log@0.222",
          "jsr:@std/path@0.222"
        ]
      },
      "@std/assert@0.222.1": {
        "integrity": "691637161ee584a9919d1f9950ddd1272feb8e0a19e83aa5b7563cedaf73d74c",
        "dependencies": [
          "jsr:@std/fmt@^0.222.1"
        ]
      },
      "@std/cli@0.222.1": {
        "integrity": "18b3c15840d68dc588db53613e0e9b196e30e33ea2a2906624c991c008421ffa",
        "dependencies": [
          "jsr:@std/assert@^0.222.1"
        ]
      },
      "@std/datetime@0.222.1": {
        "integrity": "d1fe4d88357d87329fc7edd45b0e405d18ae6e0cc5f7841ee940d955887c5d5a"
      },
      "@std/fmt@0.222.1": {
        "integrity": "ec3382f9b0261c1ab1a5c804aa355d816515fa984cdd827ed32edfb187c0a722"
      },
      "@std/fs@0.222.1": {
        "integrity": "337613f33e6e5970dddb263c3a3e5b8e39c97810ad6fe326cb9f65146af2503b",
        "dependencies": [
          "jsr:@std/assert@^0.222.1",
          "jsr:@std/path@^0.222.1"
        ]
      },
      "@std/io@0.222.1": {
        "integrity": "45c638370bccc0687d11e32481b276126201014516ffbe2f340700b8d81c015e"
      },
      "@std/log@0.222.1": {
        "integrity": "42c69ec02e98d429e4a72b1ee71309ac77319d8714db788d9af182b2b56e8cb1",
        "dependencies": [
          "jsr:@std/fmt@^0.222.1",
          "jsr:@std/fs@^0.222.1",
          "jsr:@std/io@^0.222.1"
        ]
      },
      "@std/path@0.222.1": {
        "integrity": "aad3e9463ca53b0adb25b4d5beb330025674aaa3278da24c1c261d9289a9e48b",
        "dependencies": [
          "jsr:@std/assert@^0.222.1"
        ]
      },
      "@std/testing@0.222.1": {
        "integrity": "7be5c3ef185d31883116824a2dd604eb6f12a56fd5ed80489c7c696b2a76c5bc",
        "dependencies": [
          "jsr:@std/assert@^0.222.1"
        ]
      }
    }
  },
  "remote": {},
  "workspace": {
    "dependencies": [
      "jsr:@dx/tano@0.3.19",
      "jsr:@std/assert@0.222",
      "jsr:@std/cli@0.222",
      "jsr:@std/fs@0.222",
      "jsr:@std/path@0.222",
      "jsr:@std/testing@0.222"
    ]
  }
}
